// !$*UTF8*$!
{
	archiveVersion = 1;
	classes = {
	};
	objectVersion = 56;
	objects = {

/* Begin PBXBuildFile section */
		1C1EBDAF2BE8FD4C009A6929 /* OnboardingFlowApp.swift in Sources */ = {isa = PBXBuildFile; fileRef = 1C1EBDAE2BE8FD4C009A6929 /* OnboardingFlowApp.swift */; };
		1C1EBDB12BE8FD4C009A6929 /* ContentView.swift in Sources */ = {isa = PBXBuildFile; fileRef = 1C1EBDB02BE8FD4C009A6929 /* ContentView.swift */; };
		1C1EBDB32BE8FD4D009A6929 /* Assets.xcassets in Resources */ = {isa = PBXBuildFile; fileRef = 1C1EBDB22BE8FD4D009A6929 /* Assets.xcassets */; };
		1C1EBDB62BE8FD4D009A6929 /* Preview Assets.xcassets in Resources */ = {isa = PBXBuildFile; fileRef = 1C1EBDB52BE8FD4D009A6929 /* Preview Assets.xcassets */; };
		1C1EBDC02BE8FD4D009A6929 /* OnboardingFlowTests.swift in Sources */ = {isa = PBXBuildFile; fileRef = 1C1EBDBF2BE8FD4D009A6929 /* OnboardingFlowTests.swift */; };
		1C1EBDCA2BE8FD4D009A6929 /* OnboardingFlowUITests.swift in Sources */ = {isa = PBXBuildFile; fileRef = 1C1EBDC92BE8FD4D009A6929 /* OnboardingFlowUITests.swift */; };
		1C1EBDCC2BE8FD4D009A6929 /* OnboardingFlowUITestsLaunchTests.swift in Sources */ = {isa = PBXBuildFile; fileRef = 1C1EBDCB2BE8FD4D009A6929 /* OnboardingFlowUITestsLaunchTests.swift */; };
		1C1EBDD92BE8FD84009A6929 /* WelcomePage.swift in Sources */ = {isa = PBXBuildFile; fileRef = 1C1EBDD82BE8FD84009A6929 /* WelcomePage.swift */; };
		1C1EBDDB2BE9007C009A6929 /* FeaturesPage.swift in Sources */ = {isa = PBXBuildFile; fileRef = 1C1EBDDA2BE9007C009A6929 /* FeaturesPage.swift */; };
		1C1EBDDD2BE900C4009A6929 /* FeatureCard.swift in Sources */ = {isa = PBXBuildFile; fileRef = 1C1EBDDC2BE900C4009A6929 /* FeatureCard.swift */; };
/* End PBXBuildFile section */

/* Begin PBXContainerItemProxy section */
		1C1EBDBC2BE8FD4D009A6929 /* PBXContainerItemProxy */ = {
			isa = PBXContainerItemProxy;
			containerPortal = 1C1EBDA32BE8FD4C009A6929 /* Project object */;
			proxyType = 1;
			remoteGlobalIDString = 1C1EBDAA2BE8FD4C009A6929;
			remoteInfo = OnboardingFlow;
		};
		1C1EBDC62BE8FD4D009A6929 /* PBXContainerItemProxy */ = {
			isa = PBXContainerItemProxy;
			containerPortal = 1C1EBDA32BE8FD4C009A6929 /* Project object */;
			proxyType = 1;
			remoteGlobalIDString = 1C1EBDAA2BE8FD4C009A6929;
			remoteInfo = OnboardingFlow;
		};
/* End PBXContainerItemProxy section */

/* Begin PBXFileReference section */
		1C1EBDAB2BE8FD4C009A6929 /* OnboardingFlow.app */ = {isa = PBXFileReference; explicitFileType = wrapper.application; includeInIndex = 0; path = OnboardingFlow.app; sourceTree = BUILT_PRODUCTS_DIR; };
		1C1EBDAE2BE8FD4C009A6929 /* OnboardingFlowApp.swift */ = {isa = PBXFileReference; lastKnownFileType = sourcecode.swift; path = OnboardingFlowApp.swift; sourceTree = "<group>"; };
		1C1EBDB02BE8FD4C009A6929 /* ContentView.swift */ = {isa = PBXFileReference; lastKnownFileType = sourcecode.swift; path = ContentView.swift; sourceTree = "<group>"; };
		1C1EBDB22BE8FD4D009A6929 /* Assets.xcassets */ = {isa = PBXFileReference; lastKnownFileType = folder.assetcatalog; path = Assets.xcassets; sourceTree = "<group>"; };
		1C1EBDB52BE8FD4D009A6929 /* Preview Assets.xcassets */ = {isa = PBXFileReference; lastKnownFileType = folder.assetcatalog; path = "Preview Assets.xcassets"; sourceTree = "<group>"; };
		1C1EBDBB2BE8FD4D009A6929 /* OnboardingFlowTests.xctest */ = {isa = PBXFileReference; explicitFileType = wrapper.cfbundle; includeInIndex = 0; path = OnboardingFlowTests.xctest; sourceTree = BUILT_PRODUCTS_DIR; };
		1C1EBDBF2BE8FD4D009A6929 /* OnboardingFlowTests.swift */ = {isa = PBXFileReference; lastKnownFileType = sourcecode.swift; path = OnboardingFlowTests.swift; sourceTree = "<group>"; };
		1C1EBDC52BE8FD4D009A6929 /* OnboardingFlowUITests.xctest */ = {isa = PBXFileReference; explicitFileType = wrapper.cfbundle; includeInIndex = 0; path = OnboardingFlowUITests.xctest; sourceTree = BUILT_PRODUCTS_DIR; };
		1C1EBDC92BE8FD4D009A6929 /* OnboardingFlowUITests.swift */ = {isa = PBXFileReference; lastKnownFileType = sourcecode.swift; path = OnboardingFlowUITests.swift; sourceTree = "<group>"; };
		1C1EBDCB2BE8FD4D009A6929 /* OnboardingFlowUITestsLaunchTests.swift */ = {isa = PBXFileReference; lastKnownFileType = sourcecode.swift; path = OnboardingFlowUITestsLaunchTests.swift; sourceTree = "<group>"; };
		1C1EBDD82BE8FD84009A6929 /* WelcomePage.swift */ = {isa = PBXFileReference; lastKnownFileType = sourcecode.swift; path = WelcomePage.swift; sourceTree = "<group>"; };
		1C1EBDDA2BE9007C009A6929 /* FeaturesPage.swift */ = {isa = PBXFileReference; lastKnownFileType = sourcecode.swift; path = FeaturesPage.swift; sourceTree = "<group>"; };
		1C1EBDDC2BE900C4009A6929 /* FeatureCard.swift */ = {isa = PBXFileReference; lastKnownFileType = sourcecode.swift; path = FeatureCard.swift; sourceTree = "<group>"; };
/* End PBXFileReference section */

/* Begin PBXFrameworksBuildPhase section */
		1C1EBDA82BE8FD4C009A6929 /* Frameworks */ = {
			isa = PBXFrameworksBuildPhase;
			buildActionMask = 2147483647;
			files = (
			);
			runOnlyForDeploymentPostprocessing = 0;
		};
		1C1EBDB82BE8FD4D009A6929 /* Frameworks */ = {
			isa = PBXFrameworksBuildPhase;
			buildActionMask = 2147483647;
			files = (
			);
			runOnlyForDeploymentPostprocessing = 0;
		};
		1C1EBDC22BE8FD4D009A6929 /* Frameworks */ = {
			isa = PBXFrameworksBuildPhase;
			buildActionMask = 2147483647;
			files = (
			);
			runOnlyForDeploymentPostprocessing = 0;
		};
/* End PBXFrameworksBuildPhase section */

/* Begin PBXGroup section */
		1C1EBDA22BE8FD4C009A6929 = {
			isa = PBXGroup;
			children = (
				1C1EBDAD2BE8FD4C009A6929 /* OnboardingFlow */,
				1C1EBDBE2BE8FD4D009A6929 /* OnboardingFlowTests */,
				1C1EBDC82BE8FD4D009A6929 /* OnboardingFlowUITests */,
				1C1EBDAC2BE8FD4C009A6929 /* Products */,
			);
			sourceTree = "<group>";
		};
		1C1EBDAC2BE8FD4C009A6929 /* Products */ = {
			isa = PBXGroup;
			children = (
				1C1EBDAB2BE8FD4C009A6929 /* OnboardingFlow.app */,
				1C1EBDBB2BE8FD4D009A6929 /* OnboardingFlowTests.xctest */,
				1C1EBDC52BE8FD4D009A6929 /* OnboardingFlowUITests.xctest */,
			);
			name = Products;
			sourceTree = "<group>";
		};
		1C1EBDAD2BE8FD4C009A6929 /* OnboardingFlow */ = {
			isa = PBXGroup;
			children = (
				1C1EBDAE2BE8FD4C009A6929 /* OnboardingFlowApp.swift */,
				1C1EBDB02BE8FD4C009A6929 /* ContentView.swift */,
				1C1EBDD82BE8FD84009A6929 /* WelcomePage.swift */,
				1C1EBDDA2BE9007C009A6929 /* FeaturesPage.swift */,
				1C1EBDDC2BE900C4009A6929 /* FeatureCard.swift */,
				1C1EBDB22BE8FD4D009A6929 /* Assets.xcassets */,
				1C1EBDB42BE8FD4D009A6929 /* Preview Content */,
			);
			path = OnboardingFlow;
			sourceTree = "<group>";
		};
		1C1EBDB42BE8FD4D009A6929 /* Preview Content */ = {
			isa = PBXGroup;
			children = (
				1C1EBDB52BE8FD4D009A6929 /* Preview Assets.xcassets */,
			);
			path = "Preview Content";
			sourceTree = "<group>";
		};
		1C1EBDBE2BE8FD4D009A6929 /* OnboardingFlowTests */ = {
			isa = PBXGroup;
			children = (
				1C1EBDBF2BE8FD4D009A6929 /* OnboardingFlowTests.swift */,
			);
			path = OnboardingFlowTests;
			sourceTree = "<group>";
		};
		1C1EBDC82BE8FD4D009A6929 /* OnboardingFlowUITests */ = {
			isa = PBXGroup;
			children = (
				1C1EBDC92BE8FD4D009A6929 /* OnboardingFlowUITests.swift */,
				1C1EBDCB2BE8FD4D009A6929 /* OnboardingFlowUITestsLaunchTests.swift */,
			);
			path = OnboardingFlowUITests;
			sourceTree = "<group>";
		};
/* End PBXGroup section */

/* Begin PBXNativeTarget section */
		1C1EBDAA2BE8FD4C009A6929 /* OnboardingFlow */ = {
			isa = PBXNativeTarget;
			buildConfigurationList = 1C1EBDCF2BE8FD4D009A6929 /* Build configuration list for PBXNativeTarget "OnboardingFlow" */;
			buildPhases = (
				1C1EBDA72BE8FD4C009A6929 /* Sources */,
				1C1EBDA82BE8FD4C009A6929 /* Frameworks */,
				1C1EBDA92BE8FD4C009A6929 /* Resources */,
			);
			buildRules = (
			);
			dependencies = (
			);
			name = OnboardingFlow;
			productName = OnboardingFlow;
			productReference = 1C1EBDAB2BE8FD4C009A6929 /* OnboardingFlow.app */;
			productType = "com.apple.product-type.application";
		};
		1C1EBDBA2BE8FD4D009A6929 /* OnboardingFlowTests */ = {
			isa = PBXNativeTarget;
			buildConfigurationList = 1C1EBDD22BE8FD4D009A6929 /* Build configuration list for PBXNativeTarget "OnboardingFlowTests" */;
			buildPhases = (
				1C1EBDB72BE8FD4D009A6929 /* Sources */,
				1C1EBDB82BE8FD4D009A6929 /* Frameworks */,
				1C1EBDB92BE8FD4D009A6929 /* Resources */,
			);
			buildRules = (
			);
			dependencies = (
				1C1EBDBD2BE8FD4D009A6929 /* PBXTargetDependency */,
			);
			name = OnboardingFlowTests;
			productName = OnboardingFlowTests;
			productReference = 1C1EBDBB2BE8FD4D009A6929 /* OnboardingFlowTests.xctest */;
			productType = "com.apple.product-type.bundle.unit-test";
		};
		1C1EBDC42BE8FD4D009A6929 /* OnboardingFlowUITests */ = {
			isa = PBXNativeTarget;
			buildConfigurationList = 1C1EBDD52BE8FD4D009A6929 /* Build configuration list for PBXNativeTarget "OnboardingFlowUITests" */;
			buildPhases = (
				1C1EBDC12BE8FD4D009A6929 /* Sources */,
				1C1EBDC22BE8FD4D009A6929 /* Frameworks */,
				1C1EBDC32BE8FD4D009A6929 /* Resources */,
			);
			buildRules = (
			);
			dependencies = (
				1C1EBDC72BE8FD4D009A6929 /* PBXTargetDependency */,
			);
			name = OnboardingFlowUITests;
			productName = OnboardingFlowUITests;
			productReference = 1C1EBDC52BE8FD4D009A6929 /* OnboardingFlowUITests.xctest */;
			productType = "com.apple.product-type.bundle.ui-testing";
		};
/* End PBXNativeTarget section */

/* Begin PBXProject section */
		1C1EBDA32BE8FD4C009A6929 /* Project object */ = {
			isa = PBXProject;
			attributes = {
				BuildIndependentTargetsInParallel = 1;
				LastSwiftUpdateCheck = 1530;
				LastUpgradeCheck = 1530;
				TargetAttributes = {
					1C1EBDAA2BE8FD4C009A6929 = {
						CreatedOnToolsVersion = 15.3;
					};
					1C1EBDBA2BE8FD4D009A6929 = {
						CreatedOnToolsVersion = 15.3;
						TestTargetID = 1C1EBDAA2BE8FD4C009A6929;
					};
					1C1EBDC42BE8FD4D009A6929 = {
						CreatedOnToolsVersion = 15.3;
						TestTargetID = 1C1EBDAA2BE8FD4C009A6929;
					};
				};
			};
			buildConfigurationList = 1C1EBDA62BE8FD4C009A6929 /* Build configuration list for PBXProject "OnboardingFlow" */;
			compatibilityVersion = "Xcode 14.0";
			developmentRegion = en;
			hasScannedForEncodings = 0;
			knownRegions = (
				en,
				Base,
			);
			mainGroup = 1C1EBDA22BE8FD4C009A6929;
			productRefGroup = 1C1EBDAC2BE8FD4C009A6929 /* Products */;
			projectDirPath = "";
			projectRoot = "";
			targets = (
				1C1EBDAA2BE8FD4C009A6929 /* OnboardingFlow */,
				1C1EBDBA2BE8FD4D009A6929 /* OnboardingFlowTests */,
				1C1EBDC42BE8FD4D009A6929 /* OnboardingFlowUITests */,
			);
		};
/* End PBXProject section */

/* Begin PBXResourcesBuildPhase section */
		1C1EBDA92BE8FD4C009A6929 /* Resources */ = {
			isa = PBXResourcesBuildPhase;
			buildActionMask = 2147483647;
			files = (
				1C1EBDB62BE8FD4D009A6929 /* Preview Assets.xcassets in Resources */,
				1C1EBDB32BE8FD4D009A6929 /* Assets.xcassets in Resources */,
			);
			runOnlyForDeploymentPostprocessing = 0;
		};
		1C1EBDB92BE8FD4D009A6929 /* Resources */ = {
			isa = PBXResourcesBuildPhase;
			buildActionMask = 2147483647;
			files = (
			);
			runOnlyForDeploymentPostprocessing = 0;
		};
		1C1EBDC32BE8FD4D009A6929 /* Resources */ = {
			isa = PBXResourcesBuildPhase;
			buildActionMask = 2147483647;
			files = (
			);
			runOnlyForDeploymentPostprocessing = 0;
		};
/* End PBXResourcesBuildPhase section */

/* Begin PBXSourcesBuildPhase section */
		1C1EBDA72BE8FD4C009A6929 /* Sources */ = {
			isa = PBXSourcesBuildPhase;
			buildActionMask = 2147483647;
			files = (
				1C1EBDD92BE8FD84009A6929 /* WelcomePage.swift in Sources */,
				1C1EBDDB2BE9007C009A6929 /* FeaturesPage.swift in Sources */,
				1C1EBDB12BE8FD4C009A6929 /* ContentView.swift in Sources */,
				1C1EBDAF2BE8FD4C009A6929 /* OnboardingFlowApp.swift in Sources */,
				1C1EBDDD2BE900C4009A6929 /* FeatureCard.swift in Sources */,
			);
			runOnlyForDeploymentPostprocessing = 0;
		};
		1C1EBDB72BE8FD4D009A6929 /* Sources */ = {
			isa = PBXSourcesBuildPhase;
			buildActionMask = 2147483647;
			files = (
				1C1EBDC02BE8FD4D009A6929 /* OnboardingFlowTests.swift in Sources */,
			);
			runOnlyForDeploymentPostprocessing = 0;
		};
		1C1EBDC12BE8FD4D009A6929 /* Sources */ = {
			isa = PBXSourcesBuildPhase;
			buildActionMask = 2147483647;
			files = (
				1C1EBDCA2BE8FD4D009A6929 /* OnboardingFlowUITests.swift in Sources */,
				1C1EBDCC2BE8FD4D009A6929 /* OnboardingFlowUITestsLaunchTests.swift in Sources */,
			);
			runOnlyForDeploymentPostprocessing = 0;
		};
/* End PBXSourcesBuildPhase section */

/* Begin PBXTargetDependency section */
		1C1EBDBD2BE8FD4D009A6929 /* PBXTargetDependency */ = {
			isa = PBXTargetDependency;
			target = 1C1EBDAA2BE8FD4C009A6929 /* OnboardingFlow */;
			targetProxy = 1C1EBDBC2BE8FD4D009A6929 /* PBXContainerItemProxy */;
		};
		1C1EBDC72BE8FD4D009A6929 /* PBXTargetDependency */ = {
			isa = PBXTargetDependency;
			target = 1C1EBDAA2BE8FD4C009A6929 /* OnboardingFlow */;
			targetProxy = 1C1EBDC62BE8FD4D009A6929 /* PBXContainerItemProxy */;
		};
/* End PBXTargetDependency section */

/* Begin XCBuildConfiguration section */
		1C1EBDCD2BE8FD4D009A6929 /* Debug */ = {
			isa = XCBuildConfiguration;
			buildSettings = {
				ALWAYS_SEARCH_USER_PATHS = NO;
				ASSETCATALOG_COMPILER_GENERATE_SWIFT_ASSET_SYMBOL_EXTENSIONS = YES;
				CLANG_ANALYZER_NONNULL = YES;
				CLANG_ANALYZER_NUMBER_OBJECT_CONVERSION = YES_AGGRESSIVE;
				CLANG_CXX_LANGUAGE_STANDARD = "gnu++20";
				CLANG_ENABLE_MODULES = YES;
				CLANG_ENABLE_OBJC_ARC = YES;
				CLANG_ENABLE_OBJC_WEAK = YES;
				CLANG_WARN_BLOCK_CAPTURE_AUTORELEASING = YES;
				CLANG_WARN_BOOL_CONVERSION = YES;
				CLANG_WARN_COMMA = YES;
				CLANG_WARN_CONSTANT_CONVERSION = YES;
				CLANG_WARN_DEPRECATED_OBJC_IMPLEMENTATIONS = YES;
				CLANG_WARN_DIRECT_OBJC_ISA_USAGE = YES_ERROR;
				CLANG_WARN_DOCUMENTATION_COMMENTS = YES;
				CLANG_WARN_EMPTY_BODY = YES;
				CLANG_WARN_ENUM_CONVERSION = YES;
				CLANG_WARN_INFINITE_RECURSION = YES;
				CLANG_WARN_INT_CONVERSION = YES;
				CLANG_WARN_NON_LITERAL_NULL_CONVERSION = YES;
				CLANG_WARN_OBJC_IMPLICIT_RETAIN_SELF = YES;
				CLANG_WARN_OBJC_LITERAL_CONVERSION = YES;
				CLANG_WARN_OBJC_ROOT_CLASS = YES_ERROR;
				CLANG_WARN_QUOTED_INCLUDE_IN_FRAMEWORK_HEADER = YES;
				CLANG_WARN_RANGE_LOOP_ANALYSIS = YES;
				CLANG_WARN_STRICT_PROTOTYPES = YES;
				CLANG_WARN_SUSPICIOUS_MOVE = YES;
				CLANG_WARN_UNGUARDED_AVAILABILITY = YES_AGGRESSIVE;
				CLANG_WARN_UNREACHABLE_CODE = YES;
				CLANG_WARN__DUPLICATE_METHOD_MATCH = YES;
				COPY_PHASE_STRIP = NO;
				DEBUG_INFORMATION_FORMAT = dwarf;
				ENABLE_STRICT_OBJC_MSGSEND = YES;
				ENABLE_TESTABILITY = YES;
				ENABLE_USER_SCRIPT_SANDBOXING = YES;
				GCC_C_LANGUAGE_STANDARD = gnu17;
				GCC_DYNAMIC_NO_PIC = NO;
				GCC_NO_COMMON_BLOCKS = YES;
				GCC_OPTIMIZATION_LEVEL = 0;
				GCC_PREPROCESSOR_DEFINITIONS = (
					"DEBUG=1",
					"$(inherited)",
				);
				GCC_WARN_64_TO_32_BIT_CONVERSION = YES;
				GCC_WARN_ABOUT_RETURN_TYPE = YES_ERROR;
				GCC_WARN_UNDECLARED_SELECTOR = YES;
				GCC_WARN_UNINITIALIZED_AUTOS = YES_AGGRESSIVE;
				GCC_WARN_UNUSED_FUNCTION = YES;
				GCC_WARN_UNUSED_VARIABLE = YES;
				IPHONEOS_DEPLOYMENT_TARGET = 17.4;
				LOCALIZATION_PREFERS_STRING_CATALOGS = YES;
				MTL_ENABLE_DEBUG_INFO = INCLUDE_SOURCE;
				MTL_FAST_MATH = YES;
				ONLY_ACTIVE_ARCH = YES;
				SDKROOT = iphoneos;
				SWIFT_ACTIVE_COMPILATION_CONDITIONS = "DEBUG $(inherited)";
				SWIFT_OPTIMIZATION_LEVEL = "-Onone";
			};
			name = Debug;
		};
		1C1EBDCE2BE8FD4D009A6929 /* Release */ = {
			isa = XCBuildConfiguration;
			buildSettings = {
				ALWAYS_SEARCH_USER_PATHS = NO;
				ASSETCATALOG_COMPILER_GENERATE_SWIFT_ASSET_SYMBOL_EXTENSIONS = YES;
				CLANG_ANALYZER_NONNULL = YES;
				CLANG_ANALYZER_NUMBER_OBJECT_CONVERSION = YES_AGGRESSIVE;
				CLANG_CXX_LANGUAGE_STANDARD = "gnu++20";
				CLANG_ENABLE_MODULES = YES;
				CLANG_ENABLE_OBJC_ARC = YES;
				CLANG_ENABLE_OBJC_WEAK = YES;
				CLANG_WARN_BLOCK_CAPTURE_AUTORELEASING = YES;
				CLANG_WARN_BOOL_CONVERSION = YES;
				CLANG_WARN_COMMA = YES;
				CLANG_WARN_CONSTANT_CONVERSION = YES;
				CLANG_WARN_DEPRECATED_OBJC_IMPLEMENTATIONS = YES;
				CLANG_WARN_DIRECT_OBJC_ISA_USAGE = YES_ERROR;
				CLANG_WARN_DOCUMENTATION_COMMENTS = YES;
				CLANG_WARN_EMPTY_BODY = YES;
				CLANG_WARN_ENUM_CONVERSION = YES;
				CLANG_WARN_INFINITE_RECURSION = YES;
				CLANG_WARN_INT_CONVERSION = YES;
				CLANG_WARN_NON_LITERAL_NULL_CONVERSION = YES;
				CLANG_WARN_OBJC_IMPLICIT_RETAIN_SELF = YES;
				CLANG_WARN_OBJC_LITERAL_CONVERSION = YES;
				CLANG_WARN_OBJC_ROOT_CLASS = YES_ERROR;
				CLANG_WARN_QUOTED_INCLUDE_IN_FRAMEWORK_HEADER = YES;
				CLANG_WARN_RANGE_LOOP_ANALYSIS = YES;
				CLANG_WARN_STRICT_PROTOTYPES = YES;
				CLANG_WARN_SUSPICIOUS_MOVE = YES;
				CLANG_WARN_UNGUARDED_AVAILABILITY = YES_AGGRESSIVE;
				CLANG_WARN_UNREACHABLE_CODE = YES;
				CLANG_WARN__DUPLICATE_METHOD_MATCH = YES;
				COPY_PHASE_STRIP = NO;
				DEBUG_INFORMATION_FORMAT = "dwarf-with-dsym";
				ENABLE_NS_ASSERTIONS = NO;
				ENABLE_STRICT_OBJC_MSGSEND = YES;
				ENABLE_USER_SCRIPT_SANDBOXING = YES;
				GCC_C_LANGUAGE_STANDARD = gnu17;
				GCC_NO_COMMON_BLOCKS = YES;
				GCC_WARN_64_TO_32_BIT_CONVERSION = YES;
				GCC_WARN_ABOUT_RETURN_TYPE = YES_ERROR;
				GCC_WARN_UNDECLARED_SELECTOR = YES;
				GCC_WARN_UNINITIALIZED_AUTOS = YES_AGGRESSIVE;
				GCC_WARN_UNUSED_FUNCTION = YES;
				GCC_WARN_UNUSED_VARIABLE = YES;
				IPHONEOS_DEPLOYMENT_TARGET = 17.4;
				LOCALIZATION_PREFERS_STRING_CATALOGS = YES;
				MTL_ENABLE_DEBUG_INFO = NO;
				MTL_FAST_MATH = YES;
				SDKROOT = iphoneos;
				SWIFT_COMPILATION_MODE = wholemodule;
				VALIDATE_PRODUCT = YES;
			};
			name = Release;
		};
		1C1EBDD02BE8FD4D009A6929 /* Debug */ = {
			isa = XCBuildConfiguration;
			buildSettings = {
				ASSETCATALOG_COMPILER_APPICON_NAME = AppIcon;
				ASSETCATALOG_COMPILER_GLOBAL_ACCENT_COLOR_NAME = AccentColor;
				CODE_SIGN_STYLE = Automatic;
				CURRENT_PROJECT_VERSION = 1;
				DEVELOPMENT_ASSET_PATHS = "\"OnboardingFlow/Preview Content\"";
				DEVELOPMENT_TEAM = 48G936HW75;
				ENABLE_PREVIEWS = YES;
				GENERATE_INFOPLIST_FILE = YES;
				INFOPLIST_KEY_UIApplicationSceneManifest_Generation = YES;
				INFOPLIST_KEY_UIApplicationSupportsIndirectInputEvents = YES;
				INFOPLIST_KEY_UILaunchScreen_Generation = YES;
				INFOPLIST_KEY_UISupportedInterfaceOrientations_iPad = "UIInterfaceOrientationPortrait UIInterfaceOrientationPortraitUpsideDown UIInterfaceOrientationLandscapeLeft UIInterfaceOrientationLandscapeRight";
				INFOPLIST_KEY_UISupportedInterfaceOrientations_iPhone = "UIInterfaceOrientationPortrait UIInterfaceOrientationLandscapeLeft UIInterfaceOrientationLandscapeRight";
				LD_RUNPATH_SEARCH_PATHS = (
					"$(inherited)",
					"@executable_path/Frameworks",
				);
				MARKETING_VERSION = 1.0;
				PRODUCT_BUNDLE_IDENTIFIER = thomasbjeldbak.OnboardingFlow;
				PRODUCT_NAME = "$(TARGET_NAME)";
				SWIFT_EMIT_LOC_STRINGS = YES;
				SWIFT_VERSION = 5.0;
				TARGETED_DEVICE_FAMILY = "1,2";
			};
			name = Debug;
		};
		1C1EBDD12BE8FD4D009A6929 /* Release */ = {
			isa = XCBuildConfiguration;
			buildSettings = {
				ASSETCATALOG_COMPILER_APPICON_NAME = AppIcon;
				ASSETCATALOG_COMPILER_GLOBAL_ACCENT_COLOR_NAME = AccentColor;
				CODE_SIGN_STYLE = Automatic;
				CURRENT_PROJECT_VERSION = 1;
				DEVELOPMENT_ASSET_PATHS = "\"OnboardingFlow/Preview Content\"";
				DEVELOPMENT_TEAM = 48G936HW75;
				ENABLE_PREVIEWS = YES;
				GENERATE_INFOPLIST_FILE = YES;
				INFOPLIST_KEY_UIApplicationSceneManifest_Generation = YES;
				INFOPLIST_KEY_UIApplicationSupportsIndirectInputEvents = YES;
				INFOPLIST_KEY_UILaunchScreen_Generation = YES;
				INFOPLIST_KEY_UISupportedInterfaceOrientations_iPad = "UIInterfaceOrientationPortrait UIInterfaceOrientationPortraitUpsideDown UIInterfaceOrientationLandscapeLeft UIInterfaceOrientationLandscapeRight";
				INFOPLIST_KEY_UISupportedInterfaceOrientations_iPhone = "UIInterfaceOrientationPortrait UIInterfaceOrientationLandscapeLeft UIInterfaceOrientationLandscapeRight";
				LD_RUNPATH_SEARCH_PATHS = (
					"$(inherited)",
					"@executable_path/Frameworks",
				);
				MARKETING_VERSION = 1.0;
				PRODUCT_BUNDLE_IDENTIFIER = thomasbjeldbak.OnboardingFlow;
				PRODUCT_NAME = "$(TARGET_NAME)";
				SWIFT_EMIT_LOC_STRINGS = YES;
				SWIFT_VERSION = 5.0;
				TARGETED_DEVICE_FAMILY = "1,2";
			};
			name = Release;
		};
		1C1EBDD32BE8FD4D009A6929 /* Debug */ = {
			isa = XCBuildConfiguration;
			buildSettings = {
				ALWAYS_EMBED_SWIFT_STANDARD_LIBRARIES = YES;
				BUNDLE_LOADER = "$(TEST_HOST)";
				CODE_SIGN_STYLE = Automatic;
				CURRENT_PROJECT_VERSION = 1;
				DEVELOPMENT_TEAM = 48G936HW75;
				GENERATE_INFOPLIST_FILE = YES;
				IPHONEOS_DEPLOYMENT_TARGET = 17.4;
				MARKETING_VERSION = 1.0;
				PRODUCT_BUNDLE_IDENTIFIER = thomasbjeldbak.OnboardingFlowTests;
				PRODUCT_NAME = "$(TARGET_NAME)";
				SWIFT_EMIT_LOC_STRINGS = NO;
				SWIFT_VERSION = 5.0;
				TARGETED_DEVICE_FAMILY = "1,2";
				TEST_HOST = "$(BUILT_PRODUCTS_DIR)/OnboardingFlow.app/$(BUNDLE_EXECUTABLE_FOLDER_PATH)/OnboardingFlow";
			};
			name = Debug;
		};
		1C1EBDD42BE8FD4D009A6929 /* Release */ = {
			isa = XCBuildConfiguration;
			buildSettings = {
				ALWAYS_EMBED_SWIFT_STANDARD_LIBRARIES = YES;
				BUNDLE_LOADER = "$(TEST_HOST)";
				CODE_SIGN_STYLE = Automatic;
				CURRENT_PROJECT_VERSION = 1;
				DEVELOPMENT_TEAM = 48G936HW75;
				GENERATE_INFOPLIST_FILE = YES;
				IPHONEOS_DEPLOYMENT_TARGET = 17.4;
				MARKETING_VERSION = 1.0;
				PRODUCT_BUNDLE_IDENTIFIER = thomasbjeldbak.OnboardingFlowTests;
				PRODUCT_NAME = "$(TARGET_NAME)";
				SWIFT_EMIT_LOC_STRINGS = NO;
				SWIFT_VERSION = 5.0;
				TARGETED_DEVICE_FAMILY = "1,2";
				TEST_HOST = "$(BUILT_PRODUCTS_DIR)/OnboardingFlow.app/$(BUNDLE_EXECUTABLE_FOLDER_PATH)/OnboardingFlow";
			};
			name = Release;
		};
		1C1EBDD62BE8FD4D009A6929 /* Debug */ = {
			isa = XCBuildConfiguration;
			buildSettings = {
				ALWAYS_EMBED_SWIFT_STANDARD_LIBRARIES = YES;
				CODE_SIGN_STYLE = Automatic;
				CURRENT_PROJECT_VERSION = 1;
				DEVELOPMENT_TEAM = 48G936HW75;
				GENERATE_INFOPLIST_FILE = YES;
				MARKETING_VERSION = 1.0;
				PRODUCT_BUNDLE_IDENTIFIER = thomasbjeldbak.OnboardingFlowUITests;
				PRODUCT_NAME = "$(TARGET_NAME)";
				SWIFT_EMIT_LOC_STRINGS = NO;
				SWIFT_VERSION = 5.0;
				TARGETED_DEVICE_FAMILY = "1,2";
				TEST_TARGET_NAME = OnboardingFlow;
			};
			name = Debug;
		};
		1C1EBDD72BE8FD4D009A6929 /* Release */ = {
			isa = XCBuildConfiguration;
			buildSettings = {
				ALWAYS_EMBED_SWIFT_STANDARD_LIBRARIES = YES;
				CODE_SIGN_STYLE = Automatic;
				CURRENT_PROJECT_VERSION = 1;
				DEVELOPMENT_TEAM = 48G936HW75;
				GENERATE_INFOPLIST_FILE = YES;
				MARKETING_VERSION = 1.0;
				PRODUCT_BUNDLE_IDENTIFIER = thomasbjeldbak.OnboardingFlowUITests;
				PRODUCT_NAME = "$(TARGET_NAME)";
				SWIFT_EMIT_LOC_STRINGS = NO;
				SWIFT_VERSION = 5.0;
				TARGETED_DEVICE_FAMILY = "1,2";
				TEST_TARGET_NAME = OnboardingFlow;
			};
			name = Release;
		};
/* End XCBuildConfiguration section */

/* Begin XCConfigurationList section */
		1C1EBDA62BE8FD4C009A6929 /* Build configuration list for PBXProject "OnboardingFlow" */ = {
			isa = XCConfigurationList;
			buildConfigurations = (
				1C1EBDCD2BE8FD4D009A6929 /* Debug */,
				1C1EBDCE2BE8FD4D009A6929 /* Release */,
			);
			defaultConfigurationIsVisible = 0;
			defaultConfigurationName = Release;
		};
		1C1EBDCF2BE8FD4D009A6929 /* Build configuration list for PBXNativeTarget "OnboardingFlow" */ = {
			isa = XCConfigurationList;
			buildConfigurations = (
				1C1EBDD02BE8FD4D009A6929 /* Debug */,
				1C1EBDD12BE8FD4D009A6929 /* Release */,
			);
			defaultConfigurationIsVisible = 0;
			defaultConfigurationName = Release;
		};
		1C1EBDD22BE8FD4D009A6929 /* Build configuration list for PBXNativeTarget "OnboardingFlowTests" */ = {
			isa = XCConfigurationList;
			buildConfigurations = (
				1C1EBDD32BE8FD4D009A6929 /* Debug */,
				1C1EBDD42BE8FD4D009A6929 /* Release */,
			);
			defaultConfigurationIsVisible = 0;
			defaultConfigurationName = Release;
		};
		1C1EBDD52BE8FD4D009A6929 /* Build configuration list for PBXNativeTarget "OnboardingFlowUITests" */ = {
			isa = XCConfigurationList;
			buildConfigurations = (
				1C1EBDD62BE8FD4D009A6929 /* Debug */,
				1C1EBDD72BE8FD4D009A6929 /* Release */,
			);
			defaultConfigurationIsVisible = 0;
			defaultConfigurationName = Release;
		};
/* End XCConfigurationList section */
	};
	rootObject = 1C1EBDA32BE8FD4C009A6929 /* Project object */;
}
